
Microsoft Visual Studio Solution File, Format Version 12.00
# Visual Studio Version 17
VisualStudioVersion = 17.14.36915.13 d17.14
MinimumVisualStudioVersion = 10.0.40219.1
Project("{FAE04EC0-301F-11D3-BF4B-00C04F79EFBC}") = "AdventureGame.cli", "AdventureGame.cli\AdventureGame.cli.csproj", "{BC7BC938-1DC0-4F5F-8384-69DF0104AB36}"
EndProject
Project("{FAE04EC0-301F-11D3-BF4B-00C04F79EFBC}") = "AdventureGame.Core", "AdventureGame.Core\AdventureGame.Core.csproj", "{4C6BCAC8-0B1D-446C-8B30-C3D38C8845D5}"
EndProject
Global
	GlobalSection(SolutionConfigurationPlatforms) = preSolution
		Debug|Any CPU = Debug|Any CPU
		Release|Any CPU = Release|Any CPU
	EndGlobalSection
	GlobalSection(ProjectConfigurationPlatforms) = postSolution
		{BC7BC938-1DC0-4F5F-8384-69DF0104AB36}.Debug|Any CPU.ActiveCfg = Debug|Any CPU
		{BC7BC938-1DC0-4F5F-8384-69DF0104AB36}.Debug|Any CPU.Build.0 = Debug|Any CPU
		{BC7BC938-1DC0-4F5F-8384-69DF0104AB36}.Release|Any CPU.ActiveCfg = Release|Any CPU
		{BC7BC938-1DC0-4F5F-8384-69DF0104AB36}.Release|Any CPU.Build.0 = Release|Any CPU
		{4C6BCAC8-0B1D-446C-8B30-C3D38C8845D5}.Debug|Any CPU.ActiveCfg = Debug|Any CPU
		{4C6BCAC8-0B1D-446C-8B30-C3D38C8845D5}.Debug|Any CPU.Build.0 = Debug|Any CPU
		{4C6BCAC8-0B1D-446C-8B30-C3D38C8845D5}.Release|Any CPU.ActiveCfg = Release|Any CPU
		{4C6BCAC8-0B1D-446C-8B30-C3D38C8845D5}.Release|Any CPU.Build.0 = Release|Any CPU
	EndGlobalSection
	GlobalSection(SolutionProperties) = preSolution
		HideSolutionNode = FALSE
	EndGlobalSection
	GlobalSection(ExtensibilityGlobals) = postSolution
		SolutionGuid = {F3D26C71-2E20-4AAC-BA76-C1633077EEE6}
	EndGlobalSection
EndGlobal
